
Microsoft Visual Studio Solution File, Format Version 12.00
# Visual Studio 14
VisualStudioVersion = 14.0.25420.1
MinimumVisualStudioVersion = 10.0.40219.1
Project("{FAE04EC0-301F-11D3-BF4B-00C04F79EFBC}") = "SliderDemo", "SliderDemo\SliderDemo\SliderDemo.csproj", "{F396BDF9-2313-4100-AF68-E70584174997}"
EndProject
Project("{FAE04EC0-301F-11D3-BF4B-00C04F79EFBC}") = "SliderDemo.Droid", "SliderDemo\SliderDemo.Droid\SliderDemo.Droid.csproj", "{5219D688-554A-4D2F-A0A7-85D05AC61C5B}"
EndProject
Project("{FAE04EC0-301F-11D3-BF4B-00C04F79EFBC}") = "SliderDemo.iOS", "SliderDemo\SliderDemo.iOS\SliderDemo.iOS.csproj", "{F9D5E375-7B46-4A0E-93F9-FFF4C544EF4B}"
EndProject
Project("{FAE04EC0-301F-11D3-BF4B-00C04F79EFBC}") = "SliderDemo.WinPhone", "SliderDemo\SliderDemo.WinPhone\SliderDemo.WinPhone.csproj", "{C3C35ADA-20C3-4FB2-9C99-0CD13DBE0886}"
EndProject
Project("{FAE04EC0-301F-11D3-BF4B-00C04F79EFBC}") = "SliderDemo.UWP", "SliderDemo\SliderDemo.UWP\SliderDemo.UWP.csproj", "{B1FA7B25-474E-4679-8DB6-DDE93127C575}"
EndProject
Project("{FAE04EC0-301F-11D3-BF4B-00C04F79EFBC}") = "SliderDemo.Windows", "SliderDemo\SliderDemo.Windows\SliderDemo.Windows.csproj", "{594EDDBD-164F-4C85-AA50-2E7D7B425EF1}"
EndProject
Global
	GlobalSection(SolutionConfigurationPlatforms) = preSolution
		Ad-Hoc|Any CPU = Ad-Hoc|Any CPU
		Ad-Hoc|ARM = Ad-Hoc|ARM
		Ad-Hoc|iPhone = Ad-Hoc|iPhone
		Ad-Hoc|iPhoneSimulator = Ad-Hoc|iPhoneSimulator
		Ad-Hoc|x64 = Ad-Hoc|x64
		Ad-Hoc|x86 = Ad-Hoc|x86
		AppStore|Any CPU = AppStore|Any CPU
		AppStore|ARM = AppStore|ARM
		AppStore|iPhone = AppStore|iPhone
		AppStore|iPhoneSimulator = AppStore|iPhoneSimulator
		AppStore|x64 = AppStore|x64
		AppStore|x86 = AppStore|x86
		Debug|Any CPU = Debug|Any CPU
		Debug|ARM = Debug|ARM
		Debug|iPhone = Debug|iPhone
		Debug|iPhoneSimulator = Debug|iPhoneSimulator
		Debug|x64 = Debug|x64
		Debug|x86 = Debug|x86
		Release|Any CPU = Release|Any CPU
		Release|ARM = Release|ARM
		Release|iPhone = Release|iPhone
		Release|iPhoneSimulator = Release|iPhoneSimulator
		Release|x64 = Release|x64
		Release|x86 = Release|x86
	EndGlobalSection
	GlobalSection(ProjectConfigurationPlatforms) = postSolution
		{F396BDF9-2313-4100-AF68-E70584174997}.Ad-Hoc|Any CPU.ActiveCfg = Release|Any CPU
		{F396BDF9-2313-4100-AF68-E70584174997}.Ad-Hoc|Any CPU.Build.0 = Release|Any CPU
		{F396BDF9-2313-4100-AF68-E70584174997}.Ad-Hoc|ARM.ActiveCfg = Release|Any CPU
		{F396BDF9-2313-4100-AF68-E70584174997}.Ad-Hoc|ARM.Build.0 = Release|Any CPU
		{F396BDF9-2313-4100-AF68-E70584174997}.Ad-Hoc|iPhone.ActiveCfg = Release|Any CPU
		{F396BDF9-2313-4100-AF68-E70584174997}.Ad-Hoc|iPhone.Build.0 = Release|Any CPU
		{F396BDF9-2313-4100-AF68-E70584174997}.Ad-Hoc|iPhoneSimulator.ActiveCfg = Release|Any CPU
		{F396BDF9-2313-4100-AF68-E70584174997}.Ad-Hoc|iPhoneSimulator.Build.0 = Release|Any CPU
		{F396BDF9-2313-4100-AF68-E70584174997}.Ad-Hoc|x64.ActiveCfg = Release|Any CPU
		{F396BDF9-2313-4100-AF68-E70584174997}.Ad-Hoc|x64.Build.0 = Release|Any CPU
		{F396BDF9-2313-4100-AF68-E70584174997}.Ad-Hoc|x86.ActiveCfg = Release|Any CPU
		{F396BDF9-2313-4100-AF68-E70584174997}.Ad-Hoc|x86.Build.0 = Release|Any CPU
		{F396BDF9-2313-4100-AF68-E70584174997}.AppStore|Any CPU.ActiveCfg = Release|Any CPU
		{F396BDF9-2313-4100-AF68-E70584174997}.AppStore|Any CPU.Build.0 = Release|Any CPU
		{F396BDF9-2313-4100-AF68-E70584174997}.AppStore|ARM.ActiveCfg = Release|Any CPU
		{F396BDF9-2313-4100-AF68-E70584174997}.AppStore|ARM.Build.0 = Release|Any CPU
		{F396BDF9-2313-4100-AF68-E70584174997}.AppStore|iPhone.ActiveCfg = Release|Any CPU
		{F396BDF9-2313-4100-AF68-E70584174997}.AppStore|iPhone.Build.0 = Release|Any CPU
		{F396BDF9-2313-4100-AF68-E70584174997}.AppStore|iPhoneSimulator.ActiveCfg = Release|Any CPU
		{F396BDF9-2313-4100-AF68-E70584174997}.AppStore|iPhoneSimulator.Build.0 = Release|Any CPU
		{F396BDF9-2313-4100-AF68-E70584174997}.AppStore|x64.ActiveCfg = Release|Any CPU
		{F396BDF9-2313-4100-AF68-E70584174997}.AppStore|x64.Build.0 = Release|Any CPU
		{F396BDF9-2313-4100-AF68-E70584174997}.AppStore|x86.ActiveCfg = Release|Any CPU
		{F396BDF9-2313-4100-AF68-E70584174997}.AppStore|x86.Build.0 = Release|Any CPU
		{F396BDF9-2313-4100-AF68-E70584174997}.Debug|Any CPU.ActiveCfg = Debug|Any CPU
		{F396BDF9-2313-4100-AF68-E70584174997}.Debug|Any CPU.Build.0 = Debug|Any CPU
		{F396BDF9-2313-4100-AF68-E70584174997}.Debug|ARM.ActiveCfg = Debug|Any CPU
		{F396BDF9-2313-4100-AF68-E70584174997}.Debug|ARM.Build.0 = Debug|Any CPU
		{F396BDF9-2313-4100-AF68-E70584174997}.Debug|iPhone.ActiveCfg = Debug|Any CPU
		{F396BDF9-2313-4100-AF68-E70584174997}.Debug|iPhone.Build.0 = Debug|Any CPU
		{F396BDF9-2313-4100-AF68-E70584174997}.Debug|iPhoneSimulator.ActiveCfg = Debug|Any CPU
		{F396BDF9-2313-4100-AF68-E70584174997}.Debug|iPhoneSimulator.Build.0 = Debug|Any CPU
		{F396BDF9-2313-4100-AF68-E70584174997}.Debug|x64.ActiveCfg = Debug|Any CPU
		{F396BDF9-2313-4100-AF68-E70584174997}.Debug|x64.Build.0 = Debug|Any CPU
		{F396BDF9-2313-4100-AF68-E70584174997}.Debug|x86.ActiveCfg = Debug|Any CPU
		{F396BDF9-2313-4100-AF68-E70584174997}.Debug|x86.Build.0 = Debug|Any CPU
		{F396BDF9-2313-4100-AF68-E70584174997}.Release|Any CPU.ActiveCfg = Release|Any CPU
		{F396BDF9-2313-4100-AF68-E70584174997}.Release|Any CPU.Build.0 = Release|Any CPU
		{F396BDF9-2313-4100-AF68-E70584174997}.Release|ARM.ActiveCfg = Release|Any CPU
		{F396BDF9-2313-4100-AF68-E70584174997}.Release|ARM.Build.0 = Release|Any CPU
		{F396BDF9-2313-4100-AF68-E70584174997}.Release|iPhone.ActiveCfg = Release|Any CPU
		{F396BDF9-2313-4100-AF68-E70584174997}.Release|iPhone.Build.0 = Release|Any CPU
		{F396BDF9-2313-4100-AF68-E70584174997}.Release|iPhoneSimulator.ActiveCfg = Release|Any CPU
		{F396BDF9-2313-4100-AF68-E70584174997}.Release|iPhoneSimulator.Build.0 = Release|Any CPU
		{F396BDF9-2313-4100-AF68-E70584174997}.Release|x64.ActiveCfg = Release|Any CPU
		{F396BDF9-2313-4100-AF68-E70584174997}.Release|x64.Build.0 = Release|Any CPU
		{F396BDF9-2313-4100-AF68-E70584174997}.Release|x86.ActiveCfg = Release|Any CPU
		{F396BDF9-2313-4100-AF68-E70584174997}.Release|x86.Build.0 = Release|Any CPU
		{5219D688-554A-4D2F-A0A7-85D05AC61C5B}.Ad-Hoc|Any CPU.ActiveCfg = Release|Any CPU
		{5219D688-554A-4D2F-A0A7-85D05AC61C5B}.Ad-Hoc|Any CPU.Build.0 = Release|Any CPU
		{5219D688-554A-4D2F-A0A7-85D05AC61C5B}.Ad-Hoc|Any CPU.Deploy.0 = Release|Any CPU
		{5219D688-554A-4D2F-A0A7-85D05AC61C5B}.Ad-Hoc|ARM.ActiveCfg = Release|Any CPU
		{5219D688-554A-4D2F-A0A7-85D05AC61C5B}.Ad-Hoc|ARM.Build.0 = Release|Any CPU
		{5219D688-554A-4D2F-A0A7-85D05AC61C5B}.Ad-Hoc|ARM.Deploy.0 = Release|Any CPU
		{5219D688-554A-4D2F-A0A7-85D05AC61C5B}.Ad-Hoc|iPhone.ActiveCfg = Release|Any CPU
		{5219D688-554A-4D2F-A0A7-85D05AC61C5B}.Ad-Hoc|iPhone.Build.0 = Release|Any CPU
		{5219D688-554A-4D2F-A0A7-85D05AC61C5B}.Ad-Hoc|iPhone.Deploy.0 = Release|Any CPU
		{5219D688-554A-4D2F-A0A7-85D05AC61C5B}.Ad-Hoc|iPhoneSimulator.ActiveCfg = Release|Any CPU
		{5219D688-554A-4D2F-A0A7-85D05AC61C5B}.Ad-Hoc|iPhoneSimulator.Build.0 = Release|Any CPU
		{5219D688-554A-4D2F-A0A7-85D05AC61C5B}.Ad-Hoc|iPhoneSimulator.Deploy.0 = Release|Any CPU
		{5219D688-554A-4D2F-A0A7-85D05AC61C5B}.Ad-Hoc|x64.ActiveCfg = Release|Any CPU
		{5219D688-554A-4D2F-A0A7-85D05AC61C5B}.Ad-Hoc|x64.Build.0 = Release|Any CPU
		{5219D688-554A-4D2F-A0A7-85D05AC61C5B}.Ad-Hoc|x64.Deploy.0 = Release|Any CPU
		{5219D688-554A-4D2F-A0A7-85D05AC61C5B}.Ad-Hoc|x86.ActiveCfg = Release|Any CPU
		{5219D688-554A-4D2F-A0A7-85D05AC61C5B}.Ad-Hoc|x86.Build.0 = Release|Any CPU
		{5219D688-554A-4D2F-A0A7-85D05AC61C5B}.Ad-Hoc|x86.Deploy.0 = Release|Any CPU
		{5219D688-554A-4D2F-A0A7-85D05AC61C5B}.AppStore|Any CPU.ActiveCfg = Release|Any CPU
		{5219D688-554A-4D2F-A0A7-85D05AC61C5B}.AppStore|Any CPU.Build.0 = Release|Any CPU
		{5219D688-554A-4D2F-A0A7-85D05AC61C5B}.AppStore|Any CPU.Deploy.0 = Release|Any CPU
		{5219D688-554A-4D2F-A0A7-85D05AC61C5B}.AppStore|ARM.ActiveCfg = Release|Any CPU
		{5219D688-554A-4D2F-A0A7-85D05AC61C5B}.AppStore|ARM.Build.0 = Release|Any CPU
		{5219D688-554A-4D2F-A0A7-85D05AC61C5B}.AppStore|ARM.Deploy.0 = Release|Any CPU
		{5219D688-554A-4D2F-A0A7-85D05AC61C5B}.AppStore|iPhone.ActiveCfg = Release|Any CPU
		{5219D688-554A-4D2F-A0A7-85D05AC61C5B}.AppStore|iPhone.Build.0 = Release|Any CPU
		{5219D688-554A-4D2F-A0A7-85D05AC61C5B}.AppStore|iPhone.Deploy.0 = Release|Any CPU
		{5219D688-554A-4D2F-A0A7-85D05AC61C5B}.AppStore|iPhoneSimulator.ActiveCfg = Release|Any CPU
		{5219D688-554A-4D2F-A0A7-85D05AC61C5B}.AppStore|iPhoneSimulator.Build.0 = Release|Any CPU
		{5219D688-554A-4D2F-A0A7-85D05AC61C5B}.AppStore|iPhoneSimulator.Deploy.0 = Release|Any CPU
		{5219D688-554A-4D2F-A0A7-85D05AC61C5B}.AppStore|x64.ActiveCfg = Release|Any CPU
		{5219D688-554A-4D2F-A0A7-85D05AC61C5B}.AppStore|x64.Build.0 = Release|Any CPU
		{5219D688-554A-4D2F-A0A7-85D05AC61C5B}.AppStore|x64.Deploy.0 = Release|Any CPU
		{5219D688-554A-4D2F-A0A7-85D05AC61C5B}.AppStore|x86.ActiveCfg = Release|Any CPU
		{5219D688-554A-4D2F-A0A7-85D05AC61C5B}.AppStore|x86.Build.0 = Release|Any CPU
		{5219D688-554A-4D2F-A0A7-85D05AC61C5B}.AppStore|x86.Deploy.0 = Release|Any CPU
		{5219D688-554A-4D2F-A0A7-85D05AC61C5B}.Debug|Any CPU.ActiveCfg = Debug|Any CPU
		{5219D688-554A-4D2F-A0A7-85D05AC61C5B}.Debug|Any CPU.Build.0 = Debug|Any CPU
		{5219D688-554A-4D2F-A0A7-85D05AC61C5B}.Debug|Any CPU.Deploy.0 = Debug|Any CPU
		{5219D688-554A-4D2F-A0A7-85D05AC61C5B}.Debug|ARM.ActiveCfg = Debug|Any CPU
		{5219D688-554A-4D2F-A0A7-85D05AC61C5B}.Debug|ARM.Build.0 = Debug|Any CPU
		{5219D688-554A-4D2F-A0A7-85D05AC61C5B}.Debug|ARM.Deploy.0 = Debug|Any CPU
		{5219D688-554A-4D2F-A0A7-85D05AC61C5B}.Debug|iPhone.ActiveCfg = Debug|Any CPU
		{5219D688-554A-4D2F-A0A7-85D05AC61C5B}.Debug|iPhone.Build.0 = Debug|Any CPU
		{5219D688-554A-4D2F-A0A7-85D05AC61C5B}.Debug|iPhone.Deploy.0 = Debug|Any CPU
		{5219D688-554A-4D2F-A0A7-85D05AC61C5B}.Debug|iPhoneSimulator.ActiveCfg = Debug|Any CPU
		{5219D688-554A-4D2F-A0A7-85D05AC61C5B}.Debug|iPhoneSimulator.Build.0 = Debug|Any CPU
		{5219D688-554A-4D2F-A0A7-85D05AC61C5B}.Debug|iPhoneSimulator.Deploy.0 = Debug|Any CPU
		{5219D688-554A-4D2F-A0A7-85D05AC61C5B}.Debug|x64.ActiveCfg = Debug|Any CPU
		{5219D688-554A-4D2F-A0A7-85D05AC61C5B}.Debug|x64.Build.0 = Debug|Any CPU
		{5219D688-554A-4D2F-A0A7-85D05AC61C5B}.Debug|x64.Deploy.0 = Debug|Any CPU
		{5219D688-554A-4D2F-A0A7-85D05AC61C5B}.Debug|x86.ActiveCfg = Debug|Any CPU
		{5219D688-554A-4D2F-A0A7-85D05AC61C5B}.Debug|x86.Build.0 = Debug|Any CPU
		{5219D688-554A-4D2F-A0A7-85D05AC61C5B}.Debug|x86.Deploy.0 = Debug|Any CPU
		{5219D688-554A-4D2F-A0A7-85D05AC61C5B}.Release|Any CPU.ActiveCfg = Release|Any CPU
		{5219D688-554A-4D2F-A0A7-85D05AC61C5B}.Release|Any CPU.Build.0 = Release|Any CPU
		{5219D688-554A-4D2F-A0A7-85D05AC61C5B}.Release|Any CPU.Deploy.0 = Release|Any CPU
		{5219D688-554A-4D2F-A0A7-85D05AC61C5B}.Release|ARM.ActiveCfg = Release|Any CPU
		{5219D688-554A-4D2F-A0A7-85D05AC61C5B}.Release|ARM.Build.0 = Release|Any CPU
		{5219D688-554A-4D2F-A0A7-85D05AC61C5B}.Release|ARM.Deploy.0 = Release|Any CPU
		{5219D688-554A-4D2F-A0A7-85D05AC61C5B}.Release|iPhone.ActiveCfg = Release|Any CPU
		{5219D688-554A-4D2F-A0A7-85D05AC61C5B}.Release|iPhone.Build.0 = Release|Any CPU
		{5219D688-554A-4D2F-A0A7-85D05AC61C5B}.Release|iPhone.Deploy.0 = Release|Any CPU
		{5219D688-554A-4D2F-A0A7-85D05AC61C5B}.Release|iPhoneSimulator.ActiveCfg = Release|Any CPU
		{5219D688-554A-4D2F-A0A7-85D05AC61C5B}.Release|iPhoneSimulator.Build.0 = Release|Any CPU
		{5219D688-554A-4D2F-A0A7-85D05AC61C5B}.Release|iPhoneSimulator.Deploy.0 = Release|Any CPU
		{5219D688-554A-4D2F-A0A7-85D05AC61C5B}.Release|x64.ActiveCfg = Release|Any CPU
		{5219D688-554A-4D2F-A0A7-85D05AC61C5B}.Release|x64.Build.0 = Release|Any CPU
		{5219D688-554A-4D2F-A0A7-85D05AC61C5B}.Release|x64.Deploy.0 = Release|Any CPU
		{5219D688-554A-4D2F-A0A7-85D05AC61C5B}.Release|x86.ActiveCfg = Release|Any CPU
		{5219D688-554A-4D2F-A0A7-85D05AC61C5B}.Release|x86.Build.0 = Release|Any CPU
		{5219D688-554A-4D2F-A0A7-85D05AC61C5B}.Release|x86.Deploy.0 = Release|Any CPU
		{F9D5E375-7B46-4A0E-93F9-FFF4C544EF4B}.Ad-Hoc|Any CPU.ActiveCfg = Ad-Hoc|iPhone
		{F9D5E375-7B46-4A0E-93F9-FFF4C544EF4B}.Ad-Hoc|ARM.ActiveCfg = Ad-Hoc|iPhone
		{F9D5E375-7B46-4A0E-93F9-FFF4C544EF4B}.Ad-Hoc|iPhone.ActiveCfg = Ad-Hoc|iPhone
		{F9D5E375-7B46-4A0E-93F9-FFF4C544EF4B}.Ad-Hoc|iPhone.Build.0 = Ad-Hoc|iPhone
		{F9D5E375-7B46-4A0E-93F9-FFF4C544EF4B}.Ad-Hoc|iPhoneSimulator.ActiveCfg = Ad-Hoc|iPhoneSimulator
		{F9D5E375-7B46-4A0E-93F9-FFF4C544EF4B}.Ad-Hoc|iPhoneSimulator.Build.0 = Ad-Hoc|iPhoneSimulator
		{F9D5E375-7B46-4A0E-93F9-FFF4C544EF4B}.Ad-Hoc|x64.ActiveCfg = Ad-Hoc|iPhone
		{F9D5E375-7B46-4A0E-93F9-FFF4C544EF4B}.Ad-Hoc|x86.ActiveCfg = Ad-Hoc|iPhone
		{F9D5E375-7B46-4A0E-93F9-FFF4C544EF4B}.AppStore|Any CPU.ActiveCfg = AppStore|iPhone
		{F9D5E375-7B46-4A0E-93F9-FFF4C544EF4B}.AppStore|ARM.ActiveCfg = AppStore|iPhone
		{F9D5E375-7B46-4A0E-93F9-FFF4C544EF4B}.AppStore|iPhone.ActiveCfg = AppStore|iPhone
		{F9D5E375-7B46-4A0E-93F9-FFF4C544EF4B}.AppStore|iPhone.Build.0 = AppStore|iPhone
		{F9D5E375-7B46-4A0E-93F9-FFF4C544EF4B}.AppStore|iPhoneSimulator.ActiveCfg = AppStore|iPhoneSimulator
		{F9D5E375-7B46-4A0E-93F9-FFF4C544EF4B}.AppStore|iPhoneSimulator.Build.0 = AppStore|iPhoneSimulator
		{F9D5E375-7B46-4A0E-93F9-FFF4C544EF4B}.AppStore|x64.ActiveCfg = AppStore|iPhone
		{F9D5E375-7B46-4A0E-93F9-FFF4C544EF4B}.AppStore|x86.ActiveCfg = AppStore|iPhone
		{F9D5E375-7B46-4A0E-93F9-FFF4C544EF4B}.Debug|Any CPU.ActiveCfg = Debug|iPhone
		{F9D5E375-7B46-4A0E-93F9-FFF4C544EF4B}.Debug|ARM.ActiveCfg = Debug|iPhone
		{F9D5E375-7B46-4A0E-93F9-FFF4C544EF4B}.Debug|iPhone.ActiveCfg = Debug|iPhone
		{F9D5E375-7B46-4A0E-93F9-FFF4C544EF4B}.Debug|iPhone.Build.0 = Debug|iPhone
		{F9D5E375-7B46-4A0E-93F9-FFF4C544EF4B}.Debug|iPhoneSimulator.ActiveCfg = Debug|iPhoneSimulator
		{F9D5E375-7B46-4A0E-93F9-FFF4C544EF4B}.Debug|iPhoneSimulator.Build.0 = Debug|iPhoneSimulator
		{F9D5E375-7B46-4A0E-93F9-FFF4C544EF4B}.Debug|x64.ActiveCfg = Debug|iPhone
		{F9D5E375-7B46-4A0E-93F9-FFF4C544EF4B}.Debug|x86.ActiveCfg = Debug|iPhone
		{F9D5E375-7B46-4A0E-93F9-FFF4C544EF4B}.Release|Any CPU.ActiveCfg = Release|iPhone
		{F9D5E375-7B46-4A0E-93F9-FFF4C544EF4B}.Release|ARM.ActiveCfg = Release|iPhone
		{F9D5E375-7B46-4A0E-93F9-FFF4C544EF4B}.Release|iPhone.ActiveCfg = Release|iPhone
		{F9D5E375-7B46-4A0E-93F9-FFF4C544EF4B}.Release|iPhone.Build.0 = Release|iPhone
		{F9D5E375-7B46-4A0E-93F9-FFF4C544EF4B}.Release|iPhoneSimulator.ActiveCfg = Release|iPhoneSimulator
		{F9D5E375-7B46-4A0E-93F9-FFF4C544EF4B}.Release|iPhoneSimulator.Build.0 = Release|iPhoneSimulator
		{F9D5E375-7B46-4A0E-93F9-FFF4C544EF4B}.Release|x64.ActiveCfg = Release|iPhone
		{F9D5E375-7B46-4A0E-93F9-FFF4C544EF4B}.Release|x86.ActiveCfg = Release|iPhone
		{C3C35ADA-20C3-4FB2-9C99-0CD13DBE0886}.Ad-Hoc|Any CPU.ActiveCfg = Release|Any CPU
		{C3C35ADA-20C3-4FB2-9C99-0CD13DBE0886}.Ad-Hoc|Any CPU.Build.0 = Release|Any CPU
		{C3C35ADA-20C3-4FB2-9C99-0CD13DBE0886}.Ad-Hoc|Any CPU.Deploy.0 = Release|Any CPU
		{C3C35ADA-20C3-4FB2-9C99-0CD13DBE0886}.Ad-Hoc|ARM.ActiveCfg = Release|ARM
		{C3C35ADA-20C3-4FB2-9C99-0CD13DBE0886}.Ad-Hoc|ARM.Build.0 = Release|ARM
		{C3C35ADA-20C3-4FB2-9C99-0CD13DBE0886}.Ad-Hoc|ARM.Deploy.0 = Release|ARM
		{C3C35ADA-20C3-4FB2-9C99-0CD13DBE0886}.Ad-Hoc|iPhone.ActiveCfg = Release|Any CPU
		{C3C35ADA-20C3-4FB2-9C99-0CD13DBE0886}.Ad-Hoc|iPhone.Build.0 = Release|Any CPU
		{C3C35ADA-20C3-4FB2-9C99-0CD13DBE0886}.Ad-Hoc|iPhone.Deploy.0 = Release|Any CPU
		{C3C35ADA-20C3-4FB2-9C99-0CD13DBE0886}.Ad-Hoc|iPhoneSimulator.ActiveCfg = Release|Any CPU
		{C3C35ADA-20C3-4FB2-9C99-0CD13DBE0886}.Ad-Hoc|iPhoneSimulator.Build.0 = Release|Any CPU
		{C3C35ADA-20C3-4FB2-9C99-0CD13DBE0886}.Ad-Hoc|iPhoneSimulator.Deploy.0 = Release|Any CPU
		{C3C35ADA-20C3-4FB2-9C99-0CD13DBE0886}.Ad-Hoc|x64.ActiveCfg = Release|Any CPU
		{C3C35ADA-20C3-4FB2-9C99-0CD13DBE0886}.Ad-Hoc|x64.Build.0 = Release|Any CPU
		{C3C35ADA-20C3-4FB2-9C99-0CD13DBE0886}.Ad-Hoc|x64.Deploy.0 = Release|Any CPU
		{C3C35ADA-20C3-4FB2-9C99-0CD13DBE0886}.Ad-Hoc|x86.ActiveCfg = Release|x86
		{C3C35ADA-20C3-4FB2-9C99-0CD13DBE0886}.Ad-Hoc|x86.Build.0 = Release|x86
		{C3C35ADA-20C3-4FB2-9C99-0CD13DBE0886}.Ad-Hoc|x86.Deploy.0 = Release|x86
		{C3C35ADA-20C3-4FB2-9C99-0CD13DBE0886}.AppStore|Any CPU.ActiveCfg = Release|Any CPU
		{C3C35ADA-20C3-4FB2-9C99-0CD13DBE0886}.AppStore|Any CPU.Build.0 = Release|Any CPU
		{C3C35ADA-20C3-4FB2-9C99-0CD13DBE0886}.AppStore|Any CPU.Deploy.0 = Release|Any CPU
		{C3C35ADA-20C3-4FB2-9C99-0CD13DBE0886}.AppStore|ARM.ActiveCfg = Release|ARM
		{C3C35ADA-20C3-4FB2-9C99-0CD13DBE0886}.AppStore|ARM.Build.0 = Release|ARM
		{C3C35ADA-20C3-4FB2-9C99-0CD13DBE0886}.AppStore|ARM.Deploy.0 = Release|ARM
		{C3C35ADA-20C3-4FB2-9C99-0CD13DBE0886}.AppStore|iPhone.ActiveCfg = Release|Any CPU
		{C3C35ADA-20C3-4FB2-9C99-0CD13DBE0886}.AppStore|iPhone.Build.0 = Release|Any CPU
		{C3C35ADA-20C3-4FB2-9C99-0CD13DBE0886}.AppStore|iPhone.Deploy.0 = Release|Any CPU
		{C3C35ADA-20C3-4FB2-9C99-0CD13DBE0886}.AppStore|iPhoneSimulator.ActiveCfg = Release|Any CPU
		{C3C35ADA-20C3-4FB2-9C99-0CD13DBE0886}.AppStore|iPhoneSimulator.Build.0 = Release|Any CPU
		{C3C35ADA-20C3-4FB2-9C99-0CD13DBE0886}.AppStore|iPhoneSimulator.Deploy.0 = Release|Any CPU
		{C3C35ADA-20C3-4FB2-9C99-0CD13DBE0886}.AppStore|x64.ActiveCfg = Release|Any CPU
		{C3C35ADA-20C3-4FB2-9C99-0CD13DBE0886}.AppStore|x64.Build.0 = Release|Any CPU
		{C3C35ADA-20C3-4FB2-9C99-0CD13DBE0886}.AppStore|x64.Deploy.0 = Release|Any CPU
		{C3C35ADA-20C3-4FB2-9C99-0CD13DBE0886}.AppStore|x86.ActiveCfg = Release|x86
		{C3C35ADA-20C3-4FB2-9C99-0CD13DBE0886}.AppStore|x86.Build.0 = Release|x86
		{C3C35ADA-20C3-4FB2-9C99-0CD13DBE0886}.AppStore|x86.Deploy.0 = Release|x86
		{C3C35ADA-20C3-4FB2-9C99-0CD13DBE0886}.Debug|Any CPU.ActiveCfg = Debug|Any CPU
		{C3C35ADA-20C3-4FB2-9C99-0CD13DBE0886}.Debug|Any CPU.Build.0 = Debug|Any CPU
		{C3C35ADA-20C3-4FB2-9C99-0CD13DBE0886}.Debug|Any CPU.Deploy.0 = Debug|Any CPU
		{C3C35ADA-20C3-4FB2-9C99-0CD13DBE0886}.Debug|ARM.ActiveCfg = Debug|ARM
		{C3C35ADA-20C3-4FB2-9C99-0CD13DBE0886}.Debug|ARM.Build.0 = Debug|ARM
		{C3C35ADA-20C3-4FB2-9C99-0CD13DBE0886}.Debug|ARM.Deploy.0 = Debug|ARM
		{C3C35ADA-20C3-4FB2-9C99-0CD13DBE0886}.Debug|iPhone.ActiveCfg = Debug|Any CPU
		{C3C35ADA-20C3-4FB2-9C99-0CD13DBE0886}.Debug|iPhone.Build.0 = Debug|Any CPU
		{C3C35ADA-20C3-4FB2-9C99-0CD13DBE0886}.Debug|iPhone.Deploy.0 = Debug|Any CPU
		{C3C35ADA-20C3-4FB2-9C99-0CD13DBE0886}.Debug|iPhoneSimulator.ActiveCfg = Debug|Any CPU
		{C3C35ADA-20C3-4FB2-9C99-0CD13DBE0886}.Debug|iPhoneSimulator.Build.0 = Debug|Any CPU
		{C3C35ADA-20C3-4FB2-9C99-0CD13DBE0886}.Debug|iPhoneSimulator.Deploy.0 = Debug|Any CPU
		{C3C35ADA-20C3-4FB2-9C99-0CD13DBE0886}.Debug|x64.ActiveCfg = Debug|Any CPU
		{C3C35ADA-20C3-4FB2-9C99-0CD13DBE0886}.Debug|x64.Build.0 = Debug|Any CPU
		{C3C35ADA-20C3-4FB2-9C99-0CD13DBE0886}.Debug|x64.Deploy.0 = Debug|Any CPU
		{C3C35ADA-20C3-4FB2-9C99-0CD13DBE0886}.Debug|x86.ActiveCfg = Debug|x86
		{C3C35ADA-20C3-4FB2-9C99-0CD13DBE0886}.Debug|x86.Build.0 = Debug|x86
		{C3C35ADA-20C3-4FB2-9C99-0CD13DBE0886}.Debug|x86.Deploy.0 = Debug|x86
		{C3C35ADA-20C3-4FB2-9C99-0CD13DBE0886}.Release|Any CPU.ActiveCfg = Release|Any CPU
		{C3C35ADA-20C3-4FB2-9C99-0CD13DBE0886}.Release|Any CPU.Build.0 = Release|Any CPU
		{C3C35ADA-20C3-4FB2-9C99-0CD13DBE0886}.Release|Any CPU.Deploy.0 = Release|Any CPU
		{C3C35ADA-20C3-4FB2-9C99-0CD13DBE0886}.Release|ARM.ActiveCfg = Release|ARM
		{C3C35ADA-20C3-4FB2-9C99-0CD13DBE0886}.Release|ARM.Build.0 = Release|ARM
		{C3C35ADA-20C3-4FB2-9C99-0CD13DBE0886}.Release|ARM.Deploy.0 = Release|ARM
		{C3C35ADA-20C3-4FB2-9C99-0CD13DBE0886}.Release|iPhone.ActiveCfg = Release|Any CPU
		{C3C35ADA-20C3-4FB2-9C99-0CD13DBE0886}.Release|iPhone.Build.0 = Release|Any CPU
		{C3C35ADA-20C3-4FB2-9C99-0CD13DBE0886}.Release|iPhone.Deploy.0 = Release|Any CPU
		{C3C35ADA-20C3-4FB2-9C99-0CD13DBE0886}.Release|iPhoneSimulator.ActiveCfg = Release|Any CPU
		{C3C35ADA-20C3-4FB2-9C99-0CD13DBE0886}.Release|iPhoneSimulator.Build.0 = Release|Any CPU
		{C3C35ADA-20C3-4FB2-9C99-0CD13DBE0886}.Release|iPhoneSimulator.Deploy.0 = Release|Any CPU
		{C3C35ADA-20C3-4FB2-9C99-0CD13DBE0886}.Release|x64.ActiveCfg = Release|Any CPU
		{C3C35ADA-20C3-4FB2-9C99-0CD13DBE0886}.Release|x64.Build.0 = Release|Any CPU
		{C3C35ADA-20C3-4FB2-9C99-0CD13DBE0886}.Release|x64.Deploy.0 = Release|Any CPU
		{C3C35ADA-20C3-4FB2-9C99-0CD13DBE0886}.Release|x86.ActiveCfg = Release|x86
		{C3C35ADA-20C3-4FB2-9C99-0CD13DBE0886}.Release|x86.Build.0 = Release|x86
		{C3C35ADA-20C3-4FB2-9C99-0CD13DBE0886}.Release|x86.Deploy.0 = Release|x86
		{B1FA7B25-474E-4679-8DB6-DDE93127C575}.Ad-Hoc|Any CPU.ActiveCfg = Release|x86
		{B1FA7B25-474E-4679-8DB6-DDE93127C575}.Ad-Hoc|Any CPU.Build.0 = Release|x86
		{B1FA7B25-474E-4679-8DB6-DDE93127C575}.Ad-Hoc|Any CPU.Deploy.0 = Release|x86
		{B1FA7B25-474E-4679-8DB6-DDE93127C575}.Ad-Hoc|ARM.ActiveCfg = Release|ARM
		{B1FA7B25-474E-4679-8DB6-DDE93127C575}.Ad-Hoc|ARM.Build.0 = Release|ARM
		{B1FA7B25-474E-4679-8DB6-DDE93127C575}.Ad-Hoc|ARM.Deploy.0 = Release|ARM
		{B1FA7B25-474E-4679-8DB6-DDE93127C575}.Ad-Hoc|iPhone.ActiveCfg = Release|x86
		{B1FA7B25-474E-4679-8DB6-DDE93127C575}.Ad-Hoc|iPhone.Build.0 = Release|x86
		{B1FA7B25-474E-4679-8DB6-DDE93127C575}.Ad-Hoc|iPhone.Deploy.0 = Release|x86
		{B1FA7B25-474E-4679-8DB6-DDE93127C575}.Ad-Hoc|iPhoneSimulator.ActiveCfg = Release|x86
		{B1FA7B25-474E-4679-8DB6-DDE93127C575}.Ad-Hoc|iPhoneSimulator.Build.0 = Release|x86
		{B1FA7B25-474E-4679-8DB6-DDE93127C575}.Ad-Hoc|iPhoneSimulator.Deploy.0 = Release|x86
		{B1FA7B25-474E-4679-8DB6-DDE93127C575}.Ad-Hoc|x64.ActiveCfg = Release|x64
		{B1FA7B25-474E-4679-8DB6-DDE93127C575}.Ad-Hoc|x64.Build.0 = Release|x64
		{B1FA7B25-474E-4679-8DB6-DDE93127C575}.Ad-Hoc|x64.Deploy.0 = Release|x64
		{B1FA7B25-474E-4679-8DB6-DDE93127C575}.Ad-Hoc|x86.ActiveCfg = Release|x86
		{B1FA7B25-474E-4679-8DB6-DDE93127C575}.Ad-Hoc|x86.Build.0 = Release|x86
		{B1FA7B25-474E-4679-8DB6-DDE93127C575}.Ad-Hoc|x86.Deploy.0 = Release|x86
		{B1FA7B25-474E-4679-8DB6-DDE93127C575}.AppStore|Any CPU.ActiveCfg = Release|x86
		{B1FA7B25-474E-4679-8DB6-DDE93127C575}.AppStore|Any CPU.Build.0 = Release|x86
		{B1FA7B25-474E-4679-8DB6-DDE93127C575}.AppStore|Any CPU.Deploy.0 = Release|x86
		{B1FA7B25-474E-4679-8DB6-DDE93127C575}.AppStore|ARM.ActiveCfg = Release|ARM
		{B1FA7B25-474E-4679-8DB6-DDE93127C575}.AppStore|ARM.Build.0 = Release|ARM
		{B1FA7B25-474E-4679-8DB6-DDE93127C575}.AppStore|ARM.Deploy.0 = Release|ARM
		{B1FA7B25-474E-4679-8DB6-DDE93127C575}.AppStore|iPhone.ActiveCfg = Release|x86
		{B1FA7B25-474E-4679-8DB6-DDE93127C575}.AppStore|iPhone.Build.0 = Release|x86
		{B1FA7B25-474E-4679-8DB6-DDE93127C575}.AppStore|iPhone.Deploy.0 = Release|x86
		{B1FA7B25-474E-4679-8DB6-DDE93127C575}.AppStore|iPhoneSimulator.ActiveCfg = Release|x86
		{B1FA7B25-474E-4679-8DB6-DDE93127C575}.AppStore|iPhoneSimulator.Build.0 = Release|x86
		{B1FA7B25-474E-4679-8DB6-DDE93127C575}.AppStore|iPhoneSimulator.Deploy.0 = Release|x86
		{B1FA7B25-474E-4679-8DB6-DDE93127C575}.AppStore|x64.ActiveCfg = Release|x64
		{B1FA7B25-474E-4679-8DB6-DDE93127C575}.AppStore|x64.Build.0 = Release|x64
		{B1FA7B25-474E-4679-8DB6-DDE93127C575}.AppStore|x64.Deploy.0 = Release|x64
		{B1FA7B25-474E-4679-8DB6-DDE93127C575}.AppStore|x86.ActiveCfg = Release|x86
		{B1FA7B25-474E-4679-8DB6-DDE93127C575}.AppStore|x86.Build.0 = Release|x86
		{B1FA7B25-474E-4679-8DB6-DDE93127C575}.AppStore|x86.Deploy.0 = Release|x86
		{B1FA7B25-474E-4679-8DB6-DDE93127C575}.Debug|Any CPU.ActiveCfg = Debug|x86
		{B1FA7B25-474E-4679-8DB6-DDE93127C575}.Debug|ARM.ActiveCfg = Debug|ARM
		{B1FA7B25-474E-4679-8DB6-DDE93127C575}.Debug|ARM.Build.0 = Debug|ARM
		{B1FA7B25-474E-4679-8DB6-DDE93127C575}.Debug|ARM.Deploy.0 = Debug|ARM
		{B1FA7B25-474E-4679-8DB6-DDE93127C575}.Debug|iPhone.ActiveCfg = Debug|x86
		{B1FA7B25-474E-4679-8DB6-DDE93127C575}.Debug|iPhoneSimulator.ActiveCfg = Debug|x86
		{B1FA7B25-474E-4679-8DB6-DDE93127C575}.Debug|x64.ActiveCfg = Debug|x64
		{B1FA7B25-474E-4679-8DB6-DDE93127C575}.Debug|x64.Build.0 = Debug|x64
		{B1FA7B25-474E-4679-8DB6-DDE93127C575}.Debug|x64.Deploy.0 = Debug|x64
		{B1FA7B25-474E-4679-8DB6-DDE93127C575}.Debug|x86.ActiveCfg = Debug|x86
		{B1FA7B25-474E-4679-8DB6-DDE93127C575}.Debug|x86.Build.0 = Debug|x86
		{B1FA7B25-474E-4679-8DB6-DDE93127C575}.Debug|x86.Deploy.0 = Debug|x86
		{B1FA7B25-474E-4679-8DB6-DDE93127C575}.Release|Any CPU.ActiveCfg = Release|x86
		{B1FA7B25-474E-4679-8DB6-DDE93127C575}.Release|ARM.ActiveCfg = Release|ARM
		{B1FA7B25-474E-4679-8DB6-DDE93127C575}.Release|ARM.Build.0 = Release|ARM
		{B1FA7B25-474E-4679-8DB6-DDE93127C575}.Release|ARM.Deploy.0 = Release|ARM
		{B1FA7B25-474E-4679-8DB6-DDE93127C575}.Release|iPhone.ActiveCfg = Release|x86
		{B1FA7B25-474E-4679-8DB6-DDE93127C575}.Release|iPhoneSimulator.ActiveCfg = Release|x86
		{B1FA7B25-474E-4679-8DB6-DDE93127C575}.Release|x64.ActiveCfg = Release|x64
		{B1FA7B25-474E-4679-8DB6-DDE93127C575}.Release|x64.Build.0 = Release|x64
		{B1FA7B25-474E-4679-8DB6-DDE93127C575}.Release|x64.Deploy.0 = Release|x64
		{B1FA7B25-474E-4679-8DB6-DDE93127C575}.Release|x86.ActiveCfg = Release|x86
		{B1FA7B25-474E-4679-8DB6-DDE93127C575}.Release|x86.Build.0 = Release|x86
		{B1FA7B25-474E-4679-8DB6-DDE93127C575}.Release|x86.Deploy.0 = Release|x86
		{594EDDBD-164F-4C85-AA50-2E7D7B425EF1}.Ad-Hoc|Any CPU.ActiveCfg = Release|Any CPU
		{594EDDBD-164F-4C85-AA50-2E7D7B425EF1}.Ad-Hoc|Any CPU.Build.0 = Release|Any CPU
		{594EDDBD-164F-4C85-AA50-2E7D7B425EF1}.Ad-Hoc|Any CPU.Deploy.0 = Release|Any CPU
		{594EDDBD-164F-4C85-AA50-2E7D7B425EF1}.Ad-Hoc|ARM.ActiveCfg = Release|ARM
		{594EDDBD-164F-4C85-AA50-2E7D7B425EF1}.Ad-Hoc|ARM.Build.0 = Release|ARM
		{594EDDBD-164F-4C85-AA50-2E7D7B425EF1}.Ad-Hoc|ARM.Deploy.0 = Release|ARM
		{594EDDBD-164F-4C85-AA50-2E7D7B425EF1}.Ad-Hoc|iPhone.ActiveCfg = Release|Any CPU
		{594EDDBD-164F-4C85-AA50-2E7D7B425EF1}.Ad-Hoc|iPhone.Build.0 = Release|Any CPU
		{594EDDBD-164F-4C85-AA50-2E7D7B425EF1}.Ad-Hoc|iPhone.Deploy.0 = Release|Any CPU
		{594EDDBD-164F-4C85-AA50-2E7D7B425EF1}.Ad-Hoc|iPhoneSimulator.ActiveCfg = Release|Any CPU
		{594EDDBD-164F-4C85-AA50-2E7D7B425EF1}.Ad-Hoc|iPhoneSimulator.Build.0 = Release|Any CPU
		{594EDDBD-164F-4C85-AA50-2E7D7B425EF1}.Ad-Hoc|iPhoneSimulator.Deploy.0 = Release|Any CPU
		{594EDDBD-164F-4C85-AA50-2E7D7B425EF1}.Ad-Hoc|x64.ActiveCfg = Release|x64
		{594EDDBD-164F-4C85-AA50-2E7D7B425EF1}.Ad-Hoc|x64.Build.0 = Release|x64
		{594EDDBD-164F-4C85-AA50-2E7D7B425EF1}.Ad-Hoc|x64.Deploy.0 = Release|x64
		{594EDDBD-164F-4C85-AA50-2E7D7B425EF1}.Ad-Hoc|x86.ActiveCfg = Release|x86
		{594EDDBD-164F-4C85-AA50-2E7D7B425EF1}.Ad-Hoc|x86.Build.0 = Release|x86
		{594EDDBD-164F-4C85-AA50-2E7D7B425EF1}.Ad-Hoc|x86.Deploy.0 = Release|x86
		{594EDDBD-164F-4C85-AA50-2E7D7B425EF1}.AppStore|Any CPU.ActiveCfg = Release|Any CPU
		{594EDDBD-164F-4C85-AA50-2E7D7B425EF1}.AppStore|Any CPU.Build.0 = Release|Any CPU
		{594EDDBD-164F-4C85-AA50-2E7D7B425EF1}.AppStore|Any CPU.Deploy.0 = Release|Any CPU
		{594EDDBD-164F-4C85-AA50-2E7D7B425EF1}.AppStore|ARM.ActiveCfg = Release|ARM
		{594EDDBD-164F-4C85-AA50-2E7D7B425EF1}.AppStore|ARM.Build.0 = Release|ARM
		{594EDDBD-164F-4C85-AA50-2E7D7B425EF1}.AppStore|ARM.Deploy.0 = Release|ARM
		{594EDDBD-164F-4C85-AA50-2E7D7B425EF1}.AppStore|iPhone.ActiveCfg = Release|Any CPU
		{594EDDBD-164F-4C85-AA50-2E7D7B425EF1}.AppStore|iPhone.Build.0 = Release|Any CPU
		{594EDDBD-164F-4C85-AA50-2E7D7B425EF1}.AppStore|iPhone.Deploy.0 = Release|Any CPU
		{594EDDBD-164F-4C85-AA50-2E7D7B425EF1}.AppStore|iPhoneSimulator.ActiveCfg = Release|Any CPU
		{594EDDBD-164F-4C85-AA50-2E7D7B425EF1}.AppStore|iPhoneSimulator.Build.0 = Release|Any CPU
		{594EDDBD-164F-4C85-AA50-2E7D7B425EF1}.AppStore|iPhoneSimulator.Deploy.0 = Release|Any CPU
		{594EDDBD-164F-4C85-AA50-2E7D7B425EF1}.AppStore|x64.ActiveCfg = Release|x64
		{594EDDBD-164F-4C85-AA50-2E7D7B425EF1}.AppStore|x64.Build.0 = Release|x64
		{594EDDBD-164F-4C85-AA50-2E7D7B425EF1}.AppStore|x64.Deploy.0 = Release|x64
		{594EDDBD-164F-4C85-AA50-2E7D7B425EF1}.AppStore|x86.ActiveCfg = Release|x86
		{594EDDBD-164F-4C85-AA50-2E7D7B425EF1}.AppStore|x86.Build.0 = Release|x86
		{594EDDBD-164F-4C85-AA50-2E7D7B425EF1}.AppStore|x86.Deploy.0 = Release|x86
		{594EDDBD-164F-4C85-AA50-2E7D7B425EF1}.Debug|Any CPU.ActiveCfg = Debug|Any CPU
		{594EDDBD-164F-4C85-AA50-2E7D7B425EF1}.Debug|Any CPU.Build.0 = Debug|Any CPU
		{594EDDBD-164F-4C85-AA50-2E7D7B425EF1}.Debug|Any CPU.Deploy.0 = Debug|Any CPU
		{594EDDBD-164F-4C85-AA50-2E7D7B425EF1}.Debug|ARM.ActiveCfg = Debug|ARM
		{594EDDBD-164F-4C85-AA50-2E7D7B425EF1}.Debug|ARM.Build.0 = Debug|ARM
		{594EDDBD-164F-4C85-AA50-2E7D7B425EF1}.Debug|ARM.Deploy.0 = Debug|ARM
		{594EDDBD-164F-4C85-AA50-2E7D7B425EF1}.Debug|iPhone.ActiveCfg = Debug|Any CPU
		{594EDDBD-164F-4C85-AA50-2E7D7B425EF1}.Debug|iPhone.Build.0 = Debug|Any CPU
		{594EDDBD-164F-4C85-AA50-2E7D7B425EF1}.Debug|iPhone.Deploy.0 = Debug|Any CPU
		{594EDDBD-164F-4C85-AA50-2E7D7B425EF1}.Debug|iPhoneSimulator.ActiveCfg = Debug|Any CPU
		{594EDDBD-164F-4C85-AA50-2E7D7B425EF1}.Debug|iPhoneSimulator.Build.0 = Debug|Any CPU
		{594EDDBD-164F-4C85-AA50-2E7D7B425EF1}.Debug|iPhoneSimulator.Deploy.0 = Debug|Any CPU
		{594EDDBD-164F-4C85-AA50-2E7D7B425EF1}.Debug|x64.ActiveCfg = Debug|x64
		{594EDDBD-164F-4C85-AA50-2E7D7B425EF1}.Debug|x64.Build.0 = Debug|x64
		{594EDDBD-164F-4C85-AA50-2E7D7B425EF1}.Debug|x64.Deploy.0 = Debug|x64
		{594EDDBD-164F-4C85-AA50-2E7D7B425EF1}.Debug|x86.ActiveCfg = Debug|x86
		{594EDDBD-164F-4C85-AA50-2E7D7B425EF1}.Debug|x86.Build.0 = Debug|x86
		{594EDDBD-164F-4C85-AA50-2E7D7B425EF1}.Debug|x86.Deploy.0 = Debug|x86
		{594EDDBD-164F-4C85-AA50-2E7D7B425EF1}.Release|Any CPU.ActiveCfg = Release|Any CPU
		{594EDDBD-164F-4C85-AA50-2E7D7B425EF1}.Release|Any CPU.Build.0 = Release|Any CPU
		{594EDDBD-164F-4C85-AA50-2E7D7B425EF1}.Release|Any CPU.Deploy.0 = Release|Any CPU
		{594EDDBD-164F-4C85-AA50-2E7D7B425EF1}.Release|ARM.ActiveCfg = Release|ARM
		{594EDDBD-164F-4C85-AA50-2E7D7B425EF1}.Release|ARM.Build.0 = Release|ARM
		{594EDDBD-164F-4C85-AA50-2E7D7B425EF1}.Release|ARM.Deploy.0 = Release|ARM
		{594EDDBD-164F-4C85-AA50-2E7D7B425EF1}.Release|iPhone.ActiveCfg = Release|Any CPU
		{594EDDBD-164F-4C85-AA50-2E7D7B425EF1}.Release|iPhone.Build.0 = Release|Any CPU
		{594EDDBD-164F-4C85-AA50-2E7D7B425EF1}.Release|iPhone.Deploy.0 = Release|Any CPU
		{594EDDBD-164F-4C85-AA50-2E7D7B425EF1}.Release|iPhoneSimulator.ActiveCfg = Release|Any CPU
		{594EDDBD-164F-4C85-AA50-2E7D7B425EF1}.Release|iPhoneSimulator.Build.0 = Release|Any CPU
		{594EDDBD-164F-4C85-AA50-2E7D7B425EF1}.Release|iPhoneSimulator.Deploy.0 = Release|Any CPU
		{594EDDBD-164F-4C85-AA50-2E7D7B425EF1}.Release|x64.ActiveCfg = Release|x64
		{594EDDBD-164F-4C85-AA50-2E7D7B425EF1}.Release|x64.Build.0 = Release|x64
		{594EDDBD-164F-4C85-AA50-2E7D7B425EF1}.Release|x64.Deploy.0 = Release|x64
		{594EDDBD-164F-4C85-AA50-2E7D7B425EF1}.Release|x86.ActiveCfg = Release|x86
		{594EDDBD-164F-4C85-AA50-2E7D7B425EF1}.Release|x86.Build.0 = Release|x86
		{594EDDBD-164F-4C85-AA50-2E7D7B425EF1}.Release|x86.Deploy.0 = Release|x86
	EndGlobalSection
	GlobalSection(SolutionProperties) = preSolution
		HideSolutionNode = FALSE
	EndGlobalSection
EndGlobal
